{
  "nodes": {
    "cosmos-sdk-src": {
      "flake": false,
      "locked": {
        "lastModified": 1626794131,
        "narHash": "sha256-g6dJz/6tTtrl5Z7jrxK+X78KB5UadlmqBVZT/f5DA0M=",
        "owner": "cosmos",
        "repo": "cosmos-sdk",
        "rev": "12e4be34fbd2414b10756997ca3769ebaaf6bdea",
        "type": "github"
      },
      "original": {
        "owner": "cosmos",
        "repo": "cosmos-sdk",
        "type": "github"
      }
    },
    "crate2nix": {
      "flake": false,
      "locked": {
        "lastModified": 1627937495,
        "narHash": "sha256-kRGfg8aQKrufKlJaXiQqAnodoFf76LjVJ0UGRwRvarY=",
        "owner": "yusdacra",
        "repo": "crate2nix",
        "rev": "7b340c5e90bddf9f9fd08df12e7371168c3c607d",
        "type": "github"
      },
      "original": {
        "owner": "yusdacra",
        "ref": "feat/builtinfetchgit",
        "repo": "crate2nix",
        "type": "github"
      }
    },
    "flake-utils": {
      "locked": {
        "lastModified": 1623875721,
        "narHash": "sha256-A8BU7bjS5GirpAUv4QA+QnJ4CceLHkcXdRp4xITDB0s=",
        "owner": "numtide",
        "repo": "flake-utils",
        "rev": "f7e004a55b120c02ecb6219596820fcd32ca8772",
        "type": "github"
      },
      "original": {
        "owner": "numtide",
        "repo": "flake-utils",
        "type": "github"
      }
    },
    "flake-utils_2": {
      "locked": {
        "lastModified": 1619345332,
        "narHash": "sha256-qHnQkEp1uklKTpx3MvKtY6xzgcqXDsz5nLilbbuL+3A=",
        "owner": "numtide",
        "repo": "flake-utils",
        "rev": "2ebf2558e5bf978c7fb8ea927dfaed8fefab2e28",
        "type": "github"
      },
      "original": {
        "owner": "numtide",
        "repo": "flake-utils",
        "type": "github"
      }
    },
    "flake-utils_3": {
      "locked": {
        "lastModified": 1623875721,
        "narHash": "sha256-A8BU7bjS5GirpAUv4QA+QnJ4CceLHkcXdRp4xITDB0s=",
        "owner": "numtide",
        "repo": "flake-utils",
        "rev": "f7e004a55b120c02ecb6219596820fcd32ca8772",
        "type": "github"
      },
      "original": {
        "owner": "numtide",
        "repo": "flake-utils",
        "type": "github"
      }
    },
    "gaia-src": {
      "flake": false,
      "locked": {
        "lastModified": 1626289329,
        "narHash": "sha256-aPQPoLzM/3ahQqscDFzqI1N/6bxXWduGghNMTgo5dz8=",
        "owner": "cosmos",
        "repo": "gaia",
        "rev": "64ae891c9a77ea88e08d7c5056781388d6892e42",
        "type": "github"
      },
      "original": {
        "owner": "cosmos",
        "repo": "gaia",
        "type": "github"
      }
    },
    "gomod2nix": {
      "inputs": {
        "nixpkgs": "nixpkgs",
        "utils": "utils"
      },
      "locked": {
        "lastModified": 1627572165,
        "narHash": "sha256-MFpwnkvQpauj799b4QTBJQFEddbD02+Ln5k92QyHOSk=",
        "owner": "tweag",
        "repo": "gomod2nix",
        "rev": "67f22dd738d092c6ba88e420350ada0ed4992ae8",
        "type": "github"
      },
      "original": {
        "owner": "tweag",
        "repo": "gomod2nix",
        "type": "github"
      }
    },
    "ibc-go-src": {
      "flake": false,
      "locked": {
        "lastModified": 1626799724,
        "narHash": "sha256-uvzdzHxrHyWGOQ6/GsVLHDSIZ/paZrcXold7loXaBLs=",
        "owner": "cosmos",
        "repo": "ibc-go",
        "rev": "0afa15af41997cfb4c5dd5f98de8043961e26195",
        "type": "github"
      },
      "original": {
        "owner": "cosmos",
        "repo": "ibc-go",
        "type": "github"
      }
    },
    "ibc-rs-src": {
      "flake": false,
      "locked": {
        "lastModified": 1628083286,
        "narHash": "sha256-d5ceOvZPzhNOLK8r0ZPlKFjv4SuUzC02/lO6PjdpPNc=",
        "owner": "informalsystems",
        "repo": "ibc-rs",
        "rev": "142c7dc29c7636d1c9ece51ce8fd6f7c50ca3477",
        "type": "github"
      },
      "original": {
        "owner": "informalsystems",
        "repo": "ibc-rs",
        "type": "github"
      }
    },
    "nixpkgs": {
      "locked": {
        "lastModified": 1625191069,
        "narHash": "sha256-M8/UH9pMgQEtuzY9bFwklYw8hx0pOKtUTyQC8E2UTHY=",
        "owner": "NixOS",
        "repo": "nixpkgs",
        "rev": "d8079260a3028ae3221d7a5467443ee3a9edd2b8",
        "type": "github"
      },
      "original": {
        "owner": "NixOS",
        "ref": "nixos-unstable",
        "repo": "nixpkgs",
        "type": "github"
      }
    },
    "nixpkgs_2": {
      "locked": {
        "lastModified": 1626852498,
        "narHash": "sha256-lOXUJvi0FJUXHTVSiC5qsMRtEUgqM4mGZpMESLuGhmo=",
        "owner": "nixos",
        "repo": "nixpkgs",
        "rev": "16105403bdd843540cbef9c63fc0f16c1c6eaa70",
        "type": "github"
      },
      "original": {
        "owner": "nixos",
        "ref": "nixos-unstable",
        "repo": "nixpkgs",
        "type": "github"
      }
    },
    "nixpkgs_3": {
      "locked": {
        "lastModified": 1619531122,
        "narHash": "sha256-ovm5bo6PkZzNKh2YGXbRKYIjega0EjiEP0YDwyeXEYU=",
        "owner": "NixOS",
        "repo": "nixpkgs",
        "rev": "bb80d578e8ad3cb5a607f468ac00cc546d0396dc",
        "type": "github"
      },
      "original": {
        "id": "nixpkgs",
        "type": "indirect"
      }
    },
    "nixpkgs_4": {
      "locked": {
        "lastModified": 1628186154,
        "narHash": "sha256-r2d0wvywFnL9z4iptztdFMhaUIAaGzrSs7kSok0PgmE=",
        "owner": "NixOS",
        "repo": "nixpkgs",
        "rev": "06552b72346632b6943c8032e57e702ea12413bf",
        "type": "github"
      },
      "original": {
        "owner": "NixOS",
        "repo": "nixpkgs",
        "type": "github"
      }
    },
    "pre-commit-hooks": {
      "inputs": {
        "flake-utils": "flake-utils_2",
        "nixpkgs": "nixpkgs_3"
      },
      "locked": {
        "lastModified": 1624971177,
        "narHash": "sha256-Amf/nBj1E77RmbSSmV+hg6YOpR+rddCbbVgo5C7BS0I=",
        "owner": "cachix",
        "repo": "pre-commit-hooks.nix",
        "rev": "397f0713d007250a2c7a745e555fa16c5dc8cadb",
        "type": "github"
      },
      "original": {
        "owner": "cachix",
        "repo": "pre-commit-hooks.nix",
        "type": "github"
      }
    },
    "root": {
      "inputs": {
        "cosmos-sdk-src": "cosmos-sdk-src",
        "crate2nix": "crate2nix",
        "flake-utils": "flake-utils",
        "gaia-src": "gaia-src",
        "gomod2nix": "gomod2nix",
        "ibc-go-src": "ibc-go-src",
        "ibc-rs-src": "ibc-rs-src",
        "nixpkgs": "nixpkgs_2",
        "pre-commit-hooks": "pre-commit-hooks",
        "rust-overlay": "rust-overlay",
        "sconfig-src": "sconfig-src",
        "stoml-src": "stoml-src",
        "tendermint-rs-src": "tendermint-rs-src"
      }
    },
    "rust-overlay": {
      "inputs": {
        "flake-utils": "flake-utils_3",
        "nixpkgs": "nixpkgs_4"
      },
      "locked": {
        "lastModified": 1628302495,
        "narHash": "sha256-FmqzWLoxxUpCaU4uvXkonSo/ftS6ebrTGD7PBEQyHko=",
        "owner": "oxalica",
        "repo": "rust-overlay",
        "rev": "01dd01693bd7896529841d55c4d21a98897ef26e",
        "type": "github"
      },
      "original": {
        "owner": "oxalica",
        "repo": "rust-overlay",
        "type": "github"
      }
    },
    "sconfig-src": {
      "flake": false,
      "locked": {
        "lastModified": 1594094862,
        "narHash": "sha256-jR2hkR0YlPyW2nKWJl90kL80R+9psNKGPYxGg7Y/YGw=",
        "owner": "freshautomations",
        "repo": "sconfig",
        "rev": "88043754c024aec433b3b059af170b6f555931c3",
        "type": "github"
      },
      "original": {
        "owner": "freshautomations",
        "repo": "sconfig",
        "type": "github"
      }
    },
    "stoml-src": {
      "flake": false,
      "locked": {
        "lastModified": 1622172633,
        "narHash": "sha256-PvKkOjjWkmK90PzKcOBq0pUWLjHLjfYs9PRqqzAR7/8=",
        "owner": "freshautomations",
        "repo": "stoml",
        "rev": "f5dab84dbf52345a1f36389aec38b02fda086a47",
        "type": "github"
      },
      "original": {
        "owner": "freshautomations",
        "repo": "stoml",
        "type": "github"
      }
    },
    "tendermint-rs-src": {
      "flake": false,
      "locked": {
        "lastModified": 1626881756,
        "narHash": "sha256-7fnTTtjHQ9h+p3X/3iSlU+IJyz+26CE60XogeGEAAJs=",
        "owner": "informalsystems",
        "repo": "tendermint-rs",
        "rev": "d8e18c647cd8695d16610c4292b15ec6d1b45fbc",
        "type": "github"
      },
      "original": {
        "owner": "informalsystems",
        "repo": "tendermint-rs",
        "type": "github"
      }
    },
    "utils": {
      "locked": {
        "lastModified": 1623875721,
        "narHash": "sha256-A8BU7bjS5GirpAUv4QA+QnJ4CceLHkcXdRp4xITDB0s=",
        "owner": "numtide",
        "repo": "flake-utils",
        "rev": "f7e004a55b120c02ecb6219596820fcd32ca8772",
        "type": "github"
      },
      "original": {
        "owner": "numtide",
        "repo": "flake-utils",
        "type": "github"
      }
    }
  },
  "root": "root",
  "version": 7
}
