{
  "nodes": {
    "cosmos-sdk-src": {
      "flake": false,
      "locked": {
        "lastModified": 1626794131,
        "narHash": "sha256-g6dJz/6tTtrl5Z7jrxK+X78KB5UadlmqBVZT/f5DA0M=",
        "owner": "cosmos",
        "repo": "cosmos-sdk",
        "rev": "12e4be34fbd2414b10756997ca3769ebaaf6bdea",
        "type": "github"
      },
      "original": {
        "owner": "cosmos",
        "repo": "cosmos-sdk",
        "type": "github"
      }
    },
    "flake-utils": {
      "locked": {
        "lastModified": 1623875721,
        "narHash": "sha256-A8BU7bjS5GirpAUv4QA+QnJ4CceLHkcXdRp4xITDB0s=",
        "owner": "numtide",
        "repo": "flake-utils",
        "rev": "f7e004a55b120c02ecb6219596820fcd32ca8772",
        "type": "github"
      },
      "original": {
        "owner": "numtide",
        "repo": "flake-utils",
        "type": "github"
      }
    },
    "flake-utils_2": {
      "locked": {
        "lastModified": 1619345332,
        "narHash": "sha256-qHnQkEp1uklKTpx3MvKtY6xzgcqXDsz5nLilbbuL+3A=",
        "owner": "numtide",
        "repo": "flake-utils",
        "rev": "2ebf2558e5bf978c7fb8ea927dfaed8fefab2e28",
        "type": "github"
      },
      "original": {
        "owner": "numtide",
        "repo": "flake-utils",
        "type": "github"
      }
    },
    "flake-utils_3": {
      "locked": {
        "lastModified": 1623875721,
        "narHash": "sha256-A8BU7bjS5GirpAUv4QA+QnJ4CceLHkcXdRp4xITDB0s=",
        "owner": "numtide",
        "repo": "flake-utils",
        "rev": "f7e004a55b120c02ecb6219596820fcd32ca8772",
        "type": "github"
      },
      "original": {
        "owner": "numtide",
        "repo": "flake-utils",
        "type": "github"
      }
    },
    "gaia-src": {
      "flake": false,
      "locked": {
        "lastModified": 1626289329,
        "narHash": "sha256-aPQPoLzM/3ahQqscDFzqI1N/6bxXWduGghNMTgo5dz8=",
        "owner": "cosmos",
        "repo": "gaia",
        "rev": "64ae891c9a77ea88e08d7c5056781388d6892e42",
        "type": "github"
      },
      "original": {
        "owner": "cosmos",
        "repo": "gaia",
        "type": "github"
      }
    },
    "gomod2nix": {
      "inputs": {
        "nixpkgs": "nixpkgs",
        "utils": "utils"
      },
      "locked": {
        "lastModified": 1627572165,
        "narHash": "sha256-MFpwnkvQpauj799b4QTBJQFEddbD02+Ln5k92QyHOSk=",
        "owner": "tweag",
        "repo": "gomod2nix",
        "rev": "67f22dd738d092c6ba88e420350ada0ed4992ae8",
        "type": "github"
      },
      "original": {
        "owner": "tweag",
        "repo": "gomod2nix",
        "type": "github"
      }
    },
    "ibc-rs-src": {
      "flake": false,
      "locked": {
        "lastModified": 1629820654,
        "narHash": "sha256-NReR6R6lzOnqpyl33CSNttQT0D5G/6QWjaiaSnVSeqw=",
        "owner": "informalsystems",
        "repo": "ibc-rs",
        "rev": "c518e15a073a5187d64cd00d1a62b2c9360a9408",
        "type": "github"
      },
      "original": {
        "owner": "informalsystems",
        "repo": "ibc-rs",
        "type": "github"
      }
    },
    "naersk": {
      "inputs": {
        "nixpkgs": "nixpkgs_2"
      },
      "locked": {
        "lastModified": 1629707199,
        "narHash": "sha256-sGxlmfp5eXL5sAMNqHSb04Zq6gPl+JeltIZ226OYN0w=",
        "owner": "nmattia",
        "repo": "naersk",
        "rev": "df71f5e4babda41cd919a8684b72218e2e809fa9",
        "type": "github"
      },
      "original": {
        "owner": "nmattia",
        "repo": "naersk",
        "type": "github"
      }
    },
    "nixpkgs": {
      "locked": {
        "lastModified": 1625191069,
        "narHash": "sha256-M8/UH9pMgQEtuzY9bFwklYw8hx0pOKtUTyQC8E2UTHY=",
        "owner": "NixOS",
        "repo": "nixpkgs",
        "rev": "d8079260a3028ae3221d7a5467443ee3a9edd2b8",
        "type": "github"
      },
      "original": {
        "owner": "NixOS",
        "ref": "nixos-unstable",
        "repo": "nixpkgs",
        "type": "github"
      }
    },
    "nixpkgs_2": {
      "locked": {
        "lastModified": 1630879492,
        "narHash": "sha256-QSqIyHww3WEargEPAGuuJ4TXShPg65tKBXcUj5I08AU=",
        "owner": "NixOS",
        "repo": "nixpkgs",
        "rev": "1a8359692853f50121a8c236e112fdc1ba48349e",
        "type": "github"
      },
      "original": {
        "id": "nixpkgs",
        "type": "indirect"
      }
    },
    "nixpkgs_3": {
      "locked": {
        "lastModified": 1626852498,
        "narHash": "sha256-lOXUJvi0FJUXHTVSiC5qsMRtEUgqM4mGZpMESLuGhmo=",
        "owner": "nixos",
        "repo": "nixpkgs",
        "rev": "16105403bdd843540cbef9c63fc0f16c1c6eaa70",
        "type": "github"
      },
      "original": {
        "owner": "nixos",
        "ref": "nixos-unstable",
        "repo": "nixpkgs",
        "type": "github"
      }
    },
    "nixpkgs_4": {
      "locked": {
        "lastModified": 1619531122,
        "narHash": "sha256-ovm5bo6PkZzNKh2YGXbRKYIjega0EjiEP0YDwyeXEYU=",
        "owner": "NixOS",
        "repo": "nixpkgs",
        "rev": "bb80d578e8ad3cb5a607f468ac00cc546d0396dc",
        "type": "github"
      },
      "original": {
        "id": "nixpkgs",
        "type": "indirect"
      }
    },
    "nixpkgs_5": {
      "locked": {
        "lastModified": 1628186154,
        "narHash": "sha256-r2d0wvywFnL9z4iptztdFMhaUIAaGzrSs7kSok0PgmE=",
        "owner": "NixOS",
        "repo": "nixpkgs",
        "rev": "06552b72346632b6943c8032e57e702ea12413bf",
        "type": "github"
      },
      "original": {
        "owner": "NixOS",
        "repo": "nixpkgs",
        "type": "github"
      }
    },
    "pre-commit-hooks": {
      "inputs": {
        "flake-utils": "flake-utils_2",
        "nixpkgs": "nixpkgs_4"
      },
      "locked": {
        "lastModified": 1624971177,
        "narHash": "sha256-Amf/nBj1E77RmbSSmV+hg6YOpR+rddCbbVgo5C7BS0I=",
        "owner": "cachix",
        "repo": "pre-commit-hooks.nix",
        "rev": "397f0713d007250a2c7a745e555fa16c5dc8cadb",
        "type": "github"
      },
      "original": {
        "owner": "cachix",
        "repo": "pre-commit-hooks.nix",
        "type": "github"
      }
    },
    "root": {
      "inputs": {
        "cosmos-sdk-src": "cosmos-sdk-src",
        "flake-utils": "flake-utils",
        "gaia-src": "gaia-src",
        "gomod2nix": "gomod2nix",
        "ibc-rs-src": "ibc-rs-src",
        "naersk": "naersk",
        "nixpkgs": "nixpkgs_3",
        "pre-commit-hooks": "pre-commit-hooks",
        "rust-overlay": "rust-overlay",
        "sconfig-src": "sconfig-src",
        "sentinel-src": "sentinel-src",
        "stoml-src": "stoml-src"
      }
    },
    "rust-overlay": {
      "inputs": {
        "flake-utils": "flake-utils_3",
        "nixpkgs": "nixpkgs_5"
      },
      "locked": {
        "lastModified": 1628302495,
        "narHash": "sha256-FmqzWLoxxUpCaU4uvXkonSo/ftS6ebrTGD7PBEQyHko=",
        "owner": "oxalica",
        "repo": "rust-overlay",
        "rev": "01dd01693bd7896529841d55c4d21a98897ef26e",
        "type": "github"
      },
      "original": {
        "owner": "oxalica",
        "repo": "rust-overlay",
        "type": "github"
      }
    },
    "sconfig-src": {
      "flake": false,
      "locked": {
        "lastModified": 1594094862,
        "narHash": "sha256-jR2hkR0YlPyW2nKWJl90kL80R+9psNKGPYxGg7Y/YGw=",
        "owner": "freshautomations",
        "repo": "sconfig",
        "rev": "88043754c024aec433b3b059af170b6f555931c3",
        "type": "github"
      },
      "original": {
        "owner": "freshautomations",
        "repo": "sconfig",
        "type": "github"
      }
    },
    "sentinel-src": {
      "flake": false,
      "locked": {
        "lastModified": 1628802000,
        "narHash": "sha256-wqIhdP2WVtSnUwrULzTSK+fST3aB9YLMMq76H2OGX8w=",
        "owner": "sentinel-official",
        "repo": "hub",
        "rev": "47b9270cca77afc9ee676aac42a9ed0120343f3f",
        "type": "github"
      },
      "original": {
        "owner": "sentinel-official",
        "repo": "hub",
        "type": "github"
      }
    },
    "stoml-src": {
      "flake": false,
      "locked": {
        "lastModified": 1622172633,
        "narHash": "sha256-PvKkOjjWkmK90PzKcOBq0pUWLjHLjfYs9PRqqzAR7/8=",
        "owner": "freshautomations",
        "repo": "stoml",
        "rev": "f5dab84dbf52345a1f36389aec38b02fda086a47",
        "type": "github"
      },
      "original": {
        "owner": "freshautomations",
        "repo": "stoml",
        "type": "github"
      }
    },
    "utils": {
      "locked": {
        "lastModified": 1623875721,
        "narHash": "sha256-A8BU7bjS5GirpAUv4QA+QnJ4CceLHkcXdRp4xITDB0s=",
        "owner": "numtide",
        "repo": "flake-utils",
        "rev": "f7e004a55b120c02ecb6219596820fcd32ca8772",
        "type": "github"
      },
      "original": {
        "owner": "numtide",
        "repo": "flake-utils",
        "type": "github"
      }
    }
  },
  "root": "root",
  "version": 7
}
