{
  "nodes": {
    "cosmos-sdk-src": {
      "flake": false,
      "locked": {
        "lastModified": 1642008757,
        "narHash": "sha256-owsXBdYIf7yENDjumqyQ5AQ+jPHKxVbpQbApUpTzoxo=",
        "owner": "cosmos",
        "repo": "cosmos-sdk",
        "rev": "c1c1ad7425292924b77dc632370815088b2d3c58",
        "type": "github"
      },
      "original": {
        "owner": "cosmos",
        "ref": "v0.45.0-rc1",
        "repo": "cosmos-sdk",
        "type": "github"
      }
    },
    "evmos-src": {
      "flake": false,
      "locked": {
        "lastModified": 1639242686,
        "narHash": "sha256-Vh+E88PVQJQLj2elXnc7hfuOAgohot8w/yVgeH+MSbY=",
        "owner": "tharsis",
        "repo": "evmos",
        "rev": "4b6bf2c53286d92b9154caf605c0b4c4257664af",
        "type": "github"
      },
      "original": {
        "owner": "tharsis",
        "ref": "v0.4.2",
        "repo": "evmos",
        "type": "github"
      }
    },
    "flake-utils": {
      "locked": {
        "lastModified": 1623875721,
        "narHash": "sha256-A8BU7bjS5GirpAUv4QA+QnJ4CceLHkcXdRp4xITDB0s=",
        "owner": "numtide",
        "repo": "flake-utils",
        "rev": "f7e004a55b120c02ecb6219596820fcd32ca8772",
        "type": "github"
      },
      "original": {
        "owner": "numtide",
        "repo": "flake-utils",
        "type": "github"
      }
    },
    "flake-utils_2": {
      "locked": {
        "lastModified": 1619345332,
        "narHash": "sha256-qHnQkEp1uklKTpx3MvKtY6xzgcqXDsz5nLilbbuL+3A=",
        "owner": "numtide",
        "repo": "flake-utils",
        "rev": "2ebf2558e5bf978c7fb8ea927dfaed8fefab2e28",
        "type": "github"
      },
      "original": {
        "owner": "numtide",
        "repo": "flake-utils",
        "type": "github"
      }
    },
    "gaia4-src": {
      "flake": false,
      "locked": {
        "lastModified": 1617918247,
        "narHash": "sha256-M8JuM26feZpZr2HtXATcxuOP62ZdUVSLkltwc12aNAw=",
        "owner": "cosmos",
        "repo": "gaia",
        "rev": "dbd8a6fb522c571debf958837f9113c56d418f6b",
        "type": "github"
      },
      "original": {
        "owner": "cosmos",
        "ref": "v4.2.1",
        "repo": "gaia",
        "type": "github"
      }
    },
    "gaia5-src": {
      "flake": false,
      "locked": {
        "lastModified": 1634231239,
        "narHash": "sha256-NfR9GRBNBlm5hB3lFea+Vlf4dkapZIZg0sZuyOX2cn8=",
        "owner": "cosmos",
        "repo": "gaia",
        "rev": "b72cc994f7156c8a8991e6beed2dde84ad274588",
        "type": "github"
      },
      "original": {
        "owner": "cosmos",
        "ref": "v5.0.8",
        "repo": "gaia",
        "type": "github"
      }
    },
    "gaia6-ordered-src": {
      "flake": false,
      "locked": {
        "lastModified": 1645031158,
        "narHash": "sha256-uwNYYXhU+FhZ+9bXHfmPQTKMR+usP1wI6DVeaZa+ys4=",
        "owner": "informalsystems",
        "repo": "gaia",
        "rev": "34e6f66a3d729a36f51c9a7f5ffd211bcd1cd90c",
        "type": "github"
      },
      "original": {
        "owner": "informalsystems",
        "ref": "v6.0.1-ordered",
        "repo": "gaia",
        "type": "github"
      }
    },
    "gaia6-src": {
      "flake": false,
      "locked": {
        "lastModified": 1645184577,
        "narHash": "sha256-a24C1sooMj8mVGYYV2wL7P3kM7xj/MVzfeggj186PQo=",
        "owner": "cosmos",
        "repo": "gaia",
        "rev": "8f5dd7549fd21b99099e100da043bd8919d37ac3",
        "type": "github"
      },
      "original": {
        "owner": "cosmos",
        "ref": "v6.0.3",
        "repo": "gaia",
        "type": "github"
      }
    },
    "ibc-rs-src": {
      "flake": false,
      "locked": {
        "lastModified": 1642065448,
        "narHash": "sha256-nDpL7tQgQ115m9bCz1NSQ8juBFSBE81gKQBb7ENWB7s=",
        "owner": "informalsystems",
        "repo": "ibc-rs",
        "rev": "7cf35419980af943fd8c27acb182048d806d6fef",
        "type": "github"
      },
      "original": {
        "owner": "informalsystems",
        "ref": "v0.10.0",
        "repo": "ibc-rs",
        "type": "github"
      }
    },
    "iris-src": {
      "flake": false,
      "locked": {
        "lastModified": 1618986686,
        "narHash": "sha256-1nPJOuYeGjzBYFCS0IiC5j9TJd5KVa9IL0kROks328E=",
        "owner": "irisnet",
        "repo": "irishub",
        "rev": "53e156b2ee7eeb0b9d5b263066d0d3c88a1af736",
        "type": "github"
      },
      "original": {
        "owner": "irisnet",
        "ref": "v1.1.1",
        "repo": "irishub",
        "type": "github"
      }
    },
    "naersk": {
      "inputs": {
        "nixpkgs": "nixpkgs"
      },
      "locked": {
        "lastModified": 1639947939,
        "narHash": "sha256-pGsM8haJadVP80GFq4xhnSpNitYNQpaXk4cnA796Cso=",
        "owner": "nmattia",
        "repo": "naersk",
        "rev": "2fc8ce9d3c025d59fee349c1f80be9785049d653",
        "type": "github"
      },
      "original": {
        "owner": "nmattia",
        "repo": "naersk",
        "type": "github"
      }
    },
    "nixpkgs": {
      "locked": {
        "lastModified": 1642069818,
        "narHash": "sha256-666w6j8wl/bojfgpp0k58/UJ5rbrdYFbI2RFT2BXbSQ=",
        "owner": "NixOS",
        "repo": "nixpkgs",
        "rev": "46821ea01c8f54d2a20f5a503809abfc605269d7",
        "type": "github"
      },
      "original": {
        "id": "nixpkgs",
        "type": "indirect"
      }
    },
    "nixpkgs_2": {
      "locked": {
        "lastModified": 1626852498,
        "narHash": "sha256-lOXUJvi0FJUXHTVSiC5qsMRtEUgqM4mGZpMESLuGhmo=",
        "owner": "nixos",
        "repo": "nixpkgs",
        "rev": "b72ad04a8a324697d3fb92e19cd840379a902813",
        "type": "github"
      },
      "original": {
        "owner": "nixos",
        "ref": "nixpkgs-unstable",
        "repo": "nixpkgs",
        "type": "github"
      }
    },
    "nixpkgs_3": {
      "locked": {
        "lastModified": 1631315520,
        "narHash": "sha256-Y8j0JYtZMifrHaWdTfTp1mYVXZ2PLJO/P0XZxMvo7KU=",
        "owner": "nixos",
        "repo": "nixpkgs",
        "rev": "b72ad04a8a324697d3fb92e19cd840379a902813",
        "type": "github"
      },
      "original": {
        "owner": "nixos",
        "ref": "nixpkgs-unstable",
        "repo": "nixpkgs",
        "type": "github"
      }
    },
    "osmosis-src": {
      "flake": false,
      "locked": {
        "lastModified": 1642052048,
        "narHash": "sha256-w9VGpAwVsOYQBK1f7a6BX6Ro39699EX/6wrGopCir+g=",
        "owner": "osmosis-labs",
        "repo": "osmosis",
        "rev": "f8da5c17d04e25d1be9814bf146faa4d2149774e",
        "type": "github"
      },
      "original": {
        "owner": "osmosis-labs",
        "ref": "v6.1.0",
        "repo": "osmosis",
        "type": "github"
      }
    },
    "pre-commit-hooks": {
      "inputs": {
        "flake-utils": "flake-utils_2",
        "nixpkgs": "nixpkgs_3"
      },
      "locked": {
        "lastModified": 1624971177,
        "narHash": "sha256-Amf/nBj1E77RmbSSmV+hg6YOpR+rddCbbVgo5C7BS0I=",
        "owner": "cachix",
        "repo": "pre-commit-hooks.nix",
        "rev": "397f0713d007250a2c7a745e555fa16c5dc8cadb",
        "type": "github"
      },
      "original": {
        "owner": "cachix",
        "repo": "pre-commit-hooks.nix",
        "type": "github"
      }
    },
    "regen-src": {
      "flake": false,
      "locked": {
        "lastModified": 1637707735,
        "narHash": "sha256-jMlqmTlosMroa3AHvwCJjnRd08EWYu5JqGOUiAV3JV0=",
        "owner": "regen-network",
        "repo": "regen-ledger",
        "rev": "d22117ebf4566238bfcd9605485d6d5e22596a08",
        "type": "github"
      },
      "original": {
        "owner": "regen-network",
        "ref": "v2.1.0",
        "repo": "regen-ledger",
        "type": "github"
      }
    },
    "relayer-src": {
      "flake": false,
      "locked": {
        "lastModified": 1635197290,
        "narHash": "sha256-xD+xZG4Gb6557y/jkXTGdbt8qJ6izMgC4H3uo2/j5vU=",
        "owner": "cosmos",
        "repo": "relayer",
        "rev": "7797aa103af68faa4269af586fe6df1d30e91d4a",
        "type": "github"
      },
      "original": {
        "owner": "cosmos",
        "ref": "v1.0.0",
        "repo": "relayer",
        "type": "github"
      }
    },
    "root": {
      "inputs": {
        "cosmos-sdk-src": "cosmos-sdk-src",
        "evmos-src": "evmos-src",
        "flake-utils": "flake-utils",
        "gaia4-src": "gaia4-src",
        "gaia5-src": "gaia5-src",
        "gaia6-ordered-src": "gaia6-ordered-src",
        "gaia6-src": "gaia6-src",
        "ibc-rs-src": "ibc-rs-src",
        "iris-src": "iris-src",
        "naersk": "naersk",
        "nixpkgs": "nixpkgs_2",
        "osmosis-src": "osmosis-src",
        "pre-commit-hooks": "pre-commit-hooks",
        "regen-src": "regen-src",
        "relayer-src": "relayer-src",
        "sconfig-src": "sconfig-src",
        "stoml-src": "stoml-src",
        "ts-relayer-src": "ts-relayer-src"
      }
    },
    "sconfig-src": {
      "flake": false,
      "locked": {
        "lastModified": 1594094862,
        "narHash": "sha256-jR2hkR0YlPyW2nKWJl90kL80R+9psNKGPYxGg7Y/YGw=",
        "owner": "freshautomations",
        "repo": "sconfig",
        "rev": "88043754c024aec433b3b059af170b6f555931c3",
        "type": "github"
      },
      "original": {
        "owner": "freshautomations",
        "repo": "sconfig",
        "type": "github"
      }
    },
    "stoml-src": {
      "flake": false,
      "locked": {
        "lastModified": 1622172633,
        "narHash": "sha256-PvKkOjjWkmK90PzKcOBq0pUWLjHLjfYs9PRqqzAR7/8=",
        "owner": "freshautomations",
        "repo": "stoml",
        "rev": "f5dab84dbf52345a1f36389aec38b02fda086a47",
        "type": "github"
      },
      "original": {
        "owner": "freshautomations",
        "repo": "stoml",
        "type": "github"
      }
    },
    "ts-relayer-src": {
      "flake": false,
      "locked": {
        "lastModified": 1640291594,
        "narHash": "sha256-mSI+qgB+e9YcFrcUAgHQnbXOQ8wxO2GmD0wNe+3ya0g=",
        "owner": "confio",
        "repo": "ts-relayer",
        "rev": "23930794ddb64afcc80ac73ffe31ca69072c6549",
        "type": "github"
      },
      "original": {
        "owner": "confio",
        "ref": "v0.4.0",
        "repo": "ts-relayer",
        "type": "github"
      }
    }
  },
  "root": "root",
  "version": 7
}
